
Microsoft Visual Studio Solution File, Format Version 12.00
Project("{FAE04EC0-301F-11D3-BF4B-00C04F79EFBC}") = "EmployeeManager.API", "EmployeeManager.API\EmployeeManager.API.csproj", "{CA48AFA8-A810-4E12-AB5D-6AFB5E583A3D}"
EndProject
Global
	GlobalSection(SolutionConfigurationPlatforms) = preSolution
		Debug|Any CPU = Debug|Any CPU
		Release|Any CPU = Release|Any CPU
	EndGlobalSection
	GlobalSection(ProjectConfigurationPlatforms) = postSolution
		{CA48AFA8-A810-4E12-AB5D-6AFB5E583A3D}.Debug|Any CPU.ActiveCfg = Debug|Any CPU
		{CA48AFA8-A810-4E12-AB5D-6AFB5E583A3D}.Debug|Any CPU.Build.0 = Debug|Any CPU
		{CA48AFA8-A810-4E12-AB5D-6AFB5E583A3D}.Release|Any CPU.ActiveCfg = Release|Any CPU
		{CA48AFA8-A810-4E12-AB5D-6AFB5E583A3D}.Release|Any CPU.Build.0 = Release|Any CPU
	EndGlobalSection
EndGlobal
